
Microsoft Visual Studio Solution File, Format Version 12.00
# Visual Studio Version 17
VisualStudioVersion = 17.6.33815.320
MinimumVisualStudioVersion = 10.0.40219.1
Project("{FAE04EC0-301F-11D3-BF4B-00C04F79EFBC}") = "ConsoleApp4", "ConsoleApp4.csproj", "{74D1B2DC-ADB1-4116-8BA8-E5EBC50340F0}"
EndProject
Global
	GlobalSection(SolutionConfigurationPlatforms) = preSolution
		Debug|Any CPU = Debug|Any CPU
		Release|Any CPU = Release|Any CPU
	EndGlobalSection
	GlobalSection(ProjectConfigurationPlatforms) = postSolution
		{74D1B2DC-ADB1-4116-8BA8-E5EBC50340F0}.Debug|Any CPU.ActiveCfg = Debug|Any CPU
		{74D1B2DC-ADB1-4116-8BA8-E5EBC50340F0}.Debug|Any CPU.Build.0 = Debug|Any CPU
		{74D1B2DC-ADB1-4116-8BA8-E5EBC50340F0}.Release|Any CPU.ActiveCfg = Release|Any CPU
		{74D1B2DC-ADB1-4116-8BA8-E5EBC50340F0}.Release|Any CPU.Build.0 = Release|Any CPU
	EndGlobalSection
	GlobalSection(SolutionProperties) = preSolution
		HideSolutionNode = FALSE
	EndGlobalSection
	GlobalSection(ExtensibilityGlobals) = postSolution
		SolutionGuid = {95DED20B-1640-43A4-A6FB-5F7B1F39974F}
	EndGlobalSection
EndGlobal
